
Microsoft Visual Studio Solution File, Format Version 12.00
# Visual Studio Version 17
VisualStudioVersion = 17.13.35825.156
MinimumVisualStudioVersion = 10.0.40219.1
Project("{FAE04EC0-301F-11D3-BF4B-00C04F79EFBC}") = "TVTrack", "TVTrack\TVTrack.csproj", "{F7C8EEC5-0AAA-4B3B-BAD4-A3CDF36E7D06}"
EndProject
Project("{FAE04EC0-301F-11D3-BF4B-00C04F79EFBC}") = "TVTrackII", "TVTrackII\TVTrackII.csproj", "{7225FEE0-E2CA-48AD-A737-559A7B7074F7}"
EndProject
Global
	GlobalSection(SolutionConfigurationPlatforms) = preSolution
		Debug|Any CPU = Debug|Any CPU
		Release|Any CPU = Release|Any CPU
	EndGlobalSection
	GlobalSection(ProjectConfigurationPlatforms) = postSolution
		{F7C8EEC5-0AAA-4B3B-BAD4-A3CDF36E7D06}.Debug|Any CPU.ActiveCfg = Debug|Any CPU
		{F7C8EEC5-0AAA-4B3B-BAD4-A3CDF36E7D06}.Debug|Any CPU.Build.0 = Debug|Any CPU
		{F7C8EEC5-0AAA-4B3B-BAD4-A3CDF36E7D06}.Release|Any CPU.ActiveCfg = Release|Any CPU
		{F7C8EEC5-0AAA-4B3B-BAD4-A3CDF36E7D06}.Release|Any CPU.Build.0 = Release|Any CPU
		{7225FEE0-E2CA-48AD-A737-559A7B7074F7}.Debug|Any CPU.ActiveCfg = Debug|Any CPU
		{7225FEE0-E2CA-48AD-A737-559A7B7074F7}.Debug|Any CPU.Build.0 = Debug|Any CPU
		{7225FEE0-E2CA-48AD-A737-559A7B7074F7}.Release|Any CPU.ActiveCfg = Release|Any CPU
		{7225FEE0-E2CA-48AD-A737-559A7B7074F7}.Release|Any CPU.Build.0 = Release|Any CPU
	EndGlobalSection
	GlobalSection(SolutionProperties) = preSolution
		HideSolutionNode = FALSE
	EndGlobalSection
	GlobalSection(ExtensibilityGlobals) = postSolution
		SolutionGuid = {03D4F67D-B904-44D1-BB6D-5AEB0E10237E}
	EndGlobalSection
EndGlobal
